// !$*UTF8*$!
{
	archiveVersion = 1;
	classes = {
	};
	objectVersion = 46;
	objects = {

/* Begin PBXBuildFile section */
		4E4A7A441DAF22530090198D /* main.m in Sources */ = {isa = PBXBuildFile; fileRef = 4E4A7A431DAF22530090198D /* main.m */; };
		4E4A7A471DAF22530090198D /* AppDelegate.m in Sources */ = {isa = PBXBuildFile; fileRef = 4E4A7A461DAF22530090198D /* AppDelegate.m */; };
		4E4A7A4A1DAF22530090198D /* ViewController.m in Sources */ = {isa = PBXBuildFile; fileRef = 4E4A7A491DAF22530090198D /* ViewController.m */; };
		4E4A7A4D1DAF22530090198D /* Main.storyboard in Resources */ = {isa = PBXBuildFile; fileRef = 4E4A7A4B1DAF22530090198D /* Main.storyboard */; };
		4E4A7A4F1DAF22530090198D /* Assets.xcassets in Resources */ = {isa = PBXBuildFile; fileRef = 4E4A7A4E1DAF22530090198D /* Assets.xcassets */; };
		4E4A7A521DAF22530090198D /* LaunchScreen.storyboard in Resources */ = {isa = PBXBuildFile; fileRef = 4E4A7A501DAF22530090198D /* LaunchScreen.storyboard */; };
		4E4A7A5C1DAF3A880090198D /* WebViewController.m in Sources */ = {isa = PBXBuildFile; fileRef = 4E4A7A5B1DAF3A880090198D /* WebViewController.m */; };
/* End PBXBuildFile section */

/* Begin PBXFileReference section */
		4E4A7A3F1DAF22530090198D /* PushMeBaby.app */ = {isa = PBXFileReference; explicitFileType = wrapper.application; includeInIndex = 0; path = PushMeBaby.app; sourceTree = BUILT_PRODUCTS_DIR; };
		4E4A7A431DAF22530090198D /* main.m */ = {isa = PBXFileReference; lastKnownFileType = sourcecode.c.objc; path = main.m; sourceTree = "<group>"; };
		4E4A7A451DAF22530090198D /* AppDelegate.h */ = {isa = PBXFileReference; lastKnownFileType = sourcecode.c.h; path = AppDelegate.h; sourceTree = "<group>"; };
		4E4A7A461DAF22530090198D /* AppDelegate.m */ = {isa = PBXFileReference; lastKnownFileType = sourcecode.c.objc; path = AppDelegate.m; sourceTree = "<group>"; };
		4E4A7A481DAF22530090198D /* ViewController.h */ = {isa = PBXFileReference; lastKnownFileType = sourcecode.c.h; path = ViewController.h; sourceTree = "<group>"; };
		4E4A7A491DAF22530090198D /* ViewController.m */ = {isa = PBXFileReference; lastKnownFileType = sourcecode.c.objc; path = ViewController.m; sourceTree = "<group>"; };
		4E4A7A4C1DAF22530090198D /* Base */ = {isa = PBXFileReference; lastKnownFileType = file.storyboard; name = Base; path = Base.lproj/Main.storyboard; sourceTree = "<group>"; };
		4E4A7A4E1DAF22530090198D /* Assets.xcassets */ = {isa = PBXFileReference; lastKnownFileType = folder.assetcatalog; path = Assets.xcassets; sourceTree = "<group>"; };
		4E4A7A511DAF22530090198D /* Base */ = {isa = PBXFileReference; lastKnownFileType = file.storyboard; name = Base; path = Base.lproj/LaunchScreen.storyboard; sourceTree = "<group>"; };
		4E4A7A531DAF22530090198D /* Info.plist */ = {isa = PBXFileReference; lastKnownFileType = text.plist.xml; path = Info.plist; sourceTree = "<group>"; };
		4E4A7A591DAF22A50090198D /* PushMeBaby.entitlements */ = {isa = PBXFileReference; lastKnownFileType = text.plist.entitlements; path = PushMeBaby.entitlements; sourceTree = "<group>"; };
		4E4A7A5A1DAF3A880090198D /* WebViewController.h */ = {isa = PBXFileReference; fileEncoding = 4; lastKnownFileType = sourcecode.c.h; path = WebViewController.h; sourceTree = "<group>"; };
		4E4A7A5B1DAF3A880090198D /* WebViewController.m */ = {isa = PBXFileReference; fileEncoding = 4; lastKnownFileType = sourcecode.c.objc; path = WebViewController.m; sourceTree = "<group>"; };
/* End PBXFileReference section */

/* Begin PBXFrameworksBuildPhase section */
		4E4A7A3C1DAF22530090198D /* Frameworks */ = {
			isa = PBXFrameworksBuildPhase;
			buildActionMask = 2147483647;
			files = (
			);
			runOnlyForDeploymentPostprocessing = 0;
		};
/* End PBXFrameworksBuildPhase section */

/* Begin PBXGroup section */
		4E4A7A361DAF22530090198D = {
			isa = PBXGroup;
			children = (
				4E4A7A411DAF22530090198D /* PushMeBaby */,
				4E4A7A401DAF22530090198D /* Products */,
			);
			sourceTree = "<group>";
		};
		4E4A7A401DAF22530090198D /* Products */ = {
			isa = PBXGroup;
			children = (
				4E4A7A3F1DAF22530090198D /* PushMeBaby.app */,
			);
			name = Products;
			sourceTree = "<group>";
		};
		4E4A7A411DAF22530090198D /* PushMeBaby */ = {
			isa = PBXGroup;
			children = (
				4E4A7A591DAF22A50090198D /* PushMeBaby.entitlements */,
				4E4A7A451DAF22530090198D /* AppDelegate.h */,
				4E4A7A461DAF22530090198D /* AppDelegate.m */,
				4E4A7A481DAF22530090198D /* ViewController.h */,
				4E4A7A491DAF22530090198D /* ViewController.m */,
				4E4A7A5A1DAF3A880090198D /* WebViewController.h */,
				4E4A7A5B1DAF3A880090198D /* WebViewController.m */,
				4E4A7A4B1DAF22530090198D /* Main.storyboard */,
				4E4A7A4E1DAF22530090198D /* Assets.xcassets */,
				4E4A7A501DAF22530090198D /* LaunchScreen.storyboard */,
				4E4A7A531DAF22530090198D /* Info.plist */,
				4E4A7A421DAF22530090198D /* Supporting Files */,
			);
			path = PushMeBaby;
			sourceTree = "<group>";
		};
		4E4A7A421DAF22530090198D /* Supporting Files */ = {
			isa = PBXGroup;
			children = (
				4E4A7A431DAF22530090198D /* main.m */,
			);
			name = "Supporting Files";
			sourceTree = "<group>";
		};
/* End PBXGroup section */

/* Begin PBXNativeTarget section */
		4E4A7A3E1DAF22530090198D /* PushMeBaby */ = {
			isa = PBXNativeTarget;
			buildConfigurationList = 4E4A7A561DAF22530090198D /* Build configuration list for PBXNativeTarget "PushMeBaby" */;
			buildPhases = (
				4E4A7A3B1DAF22530090198D /* Sources */,
				4E4A7A3C1DAF22530090198D /* Frameworks */,
				4E4A7A3D1DAF22530090198D /* Resources */,
			);
			buildRules = (
			);
			dependencies = (
			);
			name = PushMeBaby;
			productName = PushMeBaby;
			productReference = 4E4A7A3F1DAF22530090198D /* PushMeBaby.app */;
			productType = "com.apple.product-type.application";
		};
/* End PBXNativeTarget section */

/* Begin PBXProject section */
		4E4A7A371DAF22530090198D /* Project object */ = {
			isa = PBXProject;
			attributes = {
				LastUpgradeCheck = 0800;
				ORGANIZATIONNAME = kangbing;
				TargetAttributes = {
					4E4A7A3E1DAF22530090198D = {
						CreatedOnToolsVersion = 8.0;
						DevelopmentTeam = K33NL3K4WL;
						ProvisioningStyle = Automatic;
						SystemCapabilities = {
							com.apple.Push = {
								enabled = 1;
							};
						};
					};
				};
			};
			buildConfigurationList = 4E4A7A3A1DAF22530090198D /* Build configuration list for PBXProject "PushMeBaby" */;
			compatibilityVersion = "Xcode 3.2";
			developmentRegion = English;
			hasScannedForEncodings = 0;
			knownRegions = (
				en,
				Base,
			);
			mainGroup = 4E4A7A361DAF22530090198D;
			productRefGroup = 4E4A7A401DAF22530090198D /* Products */;
			projectDirPath = "";
			projectRoot = "";
			targets = (
				4E4A7A3E1DAF22530090198D /* PushMeBaby */,
			);
		};
/* End PBXProject section */

/* Begin PBXResourcesBuildPhase section */
		4E4A7A3D1DAF22530090198D /* Resources */ = {
			isa = PBXResourcesBuildPhase;
			buildActionMask = 2147483647;
			files = (
				4E4A7A521DAF22530090198D /* LaunchScreen.storyboard in Resources */,
				4E4A7A4F1DAF22530090198D /* Assets.xcassets in Resources */,
				4E4A7A4D1DAF22530090198D /* Main.storyboard in Resources */,
			);
			runOnlyForDeploymentPostprocessing = 0;
		};
/* End PBXResourcesBuildPhase section */

/* Begin PBXSourcesBuildPhase section */
		4E4A7A3B1DAF22530090198D /* Sources */ = {
			isa = PBXSourcesBuildPhase;
			buildActionMask = 2147483647;
			files = (
				4E4A7A4A1DAF22530090198D /* ViewController.m in Sources */,
				4E4A7A471DAF22530090198D /* AppDelegate.m in Sources */,
				4E4A7A441DAF22530090198D /* main.m in Sources */,
				4E4A7A5C1DAF3A880090198D /* WebViewController.m in Sources */,
			);
			runOnlyForDeploymentPostprocessing = 0;
		};
/* End PBXSourcesBuildPhase section */

/* Begin PBXVariantGroup section */
		4E4A7A4B1DAF22530090198D /* Main.storyboard */ = {
			isa = PBXVariantGroup;
			children = (
				4E4A7A4C1DAF22530090198D /* Base */,
			);
			name = Main.storyboard;
			sourceTree = "<group>";
		};
		4E4A7A501DAF22530090198D /* LaunchScreen.storyboard */ = {
			isa = PBXVariantGroup;
			children = (
				4E4A7A511DAF22530090198D /* Base */,
			);
			name = LaunchScreen.storyboard;
			sourceTree = "<group>";
		};
/* End PBXVariantGroup section */

/* Begin XCBuildConfiguration section */
		4E4A7A541DAF22530090198D /* Debug */ = {
			isa = XCBuildConfiguration;
			buildSettings = {
				ALWAYS_SEARCH_USER_PATHS = NO;
				CLANG_ANALYZER_NONNULL = YES;
				CLANG_CXX_LANGUAGE_STANDARD = "gnu++0x";
				CLANG_CXX_LIBRARY = "libc++";
				CLANG_ENABLE_MODULES = YES;
				CLANG_ENABLE_OBJC_ARC = YES;
				CLANG_WARN_BOOL_CONVERSION = YES;
				CLANG_WARN_CONSTANT_CONVERSION = YES;
				CLANG_WARN_DIRECT_OBJC_ISA_USAGE = YES_ERROR;
				CLANG_WARN_DOCUMENTATION_COMMENTS = YES;
				CLANG_WARN_EMPTY_BODY = YES;
				CLANG_WARN_ENUM_CONVERSION = YES;
				CLANG_WARN_INFINITE_RECURSION = YES;
				CLANG_WARN_INT_CONVERSION = YES;
				CLANG_WARN_OBJC_ROOT_CLASS = YES_ERROR;
				CLANG_WARN_SUSPICIOUS_MOVES = YES;
				CLANG_WARN_UNREACHABLE_CODE = YES;
				CLANG_WARN__DUPLICATE_METHOD_MATCH = YES;
				"CODE_SIGN_IDENTITY[sdk=iphoneos*]" = "iPhone Developer";
				COPY_PHASE_STRIP = NO;
				DEBUG_INFORMATION_FORMAT = dwarf;
				ENABLE_STRICT_OBJC_MSGSEND = YES;
				ENABLE_TESTABILITY = YES;
				GCC_C_LANGUAGE_STANDARD = gnu99;
				GCC_DYNAMIC_NO_PIC = NO;
				GCC_NO_COMMON_BLOCKS = YES;
				GCC_OPTIMIZATION_LEVEL = 0;
				GCC_PREPROCESSOR_DEFINITIONS = (
					"DEBUG=1",
					"$(inherited)",
				);
				GCC_WARN_64_TO_32_BIT_CONVERSION = YES;
				GCC_WARN_ABOUT_RETURN_TYPE = YES_ERROR;
				GCC_WARN_UNDECLARED_SELECTOR = YES;
				GCC_WARN_UNINITIALIZED_AUTOS = YES_AGGRESSIVE;
				GCC_WARN_UNUSED_FUNCTION = YES;
				GCC_WARN_UNUSED_VARIABLE = YES;
				IPHONEOS_DEPLOYMENT_TARGET = 10.0;
				MTL_ENABLE_DEBUG_INFO = YES;
				ONLY_ACTIVE_ARCH = YES;
				SDKROOT = iphoneos;
				TARGETED_DEVICE_FAMILY = "1,2";
			};
			name = Debug;
		};
		4E4A7A551DAF22530090198D /* Release */ = {
			isa = XCBuildConfiguration;
			buildSettings = {
				ALWAYS_SEARCH_USER_PATHS = NO;
				CLANG_ANALYZER_NONNULL = YES;
				CLANG_CXX_LANGUAGE_STANDARD = "gnu++0x";
				CLANG_CXX_LIBRARY = "libc++";
				CLANG_ENABLE_MODULES = YES;
				CLANG_ENABLE_OBJC_ARC = YES;
				CLANG_WARN_BOOL_CONVERSION = YES;
				CLANG_WARN_CONSTANT_CONVERSION = YES;
				CLANG_WARN_DIRECT_OBJC_ISA_USAGE = YES_ERROR;
				CLANG_WARN_DOCUMENTATION_COMMENTS = YES;
				CLANG_WARN_EMPTY_BODY = YES;
				CLANG_WARN_ENUM_CONVERSION = YES;
				CLANG_WARN_INFINITE_RECURSION = YES;
				CLANG_WARN_INT_CONVERSION = YES;
				CLANG_WARN_OBJC_ROOT_CLASS = YES_ERROR;
				CLANG_WARN_SUSPICIOUS_MOVES = YES;
				CLANG_WARN_UNREACHABLE_CODE = YES;
				CLANG_WARN__DUPLICATE_METHOD_MATCH = YES;
				"CODE_SIGN_IDENTITY[sdk=iphoneos*]" = "iPhone Developer";
				COPY_PHASE_STRIP = NO;
				DEBUG_INFORMATION_FORMAT = "dwarf-with-dsym";
				ENABLE_NS_ASSERTIONS = NO;
				ENABLE_STRICT_OBJC_MSGSEND = YES;
				GCC_C_LANGUAGE_STANDARD = gnu99;
				GCC_NO_COMMON_BLOCKS = YES;
				GCC_WARN_64_TO_32_BIT_CONVERSION = YES;
				GCC_WARN_ABOUT_RETURN_TYPE = YES_ERROR;
				GCC_WARN_UNDECLARED_SELECTOR = YES;
				GCC_WARN_UNINITIALIZED_AUTOS = YES_AGGRESSIVE;
				GCC_WARN_UNUSED_FUNCTION = YES;
				GCC_WARN_UNUSED_VARIABLE = YES;
				IPHONEOS_DEPLOYMENT_TARGET = 10.0;
				MTL_ENABLE_DEBUG_INFO = NO;
				SDKROOT = iphoneos;
				TARGETED_DEVICE_FAMILY = "1,2";
				VALIDATE_PRODUCT = YES;
			};
			name = Release;
		};
		4E4A7A571DAF22530090198D /* Debug */ = {
			isa = XCBuildConfiguration;
			buildSettings = {
				ASSETCATALOG_COMPILER_APPICON_NAME = AppIcon;
				CODE_SIGN_ENTITLEMENTS = PushMeBaby/PushMeBaby.entitlements;
				"CODE_SIGN_IDENTITY[sdk=iphoneos*]" = "iPhone Developer";
				DEVELOPMENT_TEAM = K33NL3K4WL;
				INFOPLIST_FILE = PushMeBaby/Info.plist;
				IPHONEOS_DEPLOYMENT_TARGET = 7.0;
				LD_RUNPATH_SEARCH_PATHS = "$(inherited) @executable_path/Frameworks";
				PRODUCT_BUNDLE_IDENTIFIER = zhileyishenghealth;
				PRODUCT_NAME = "$(TARGET_NAME)";
				PROVISIONING_PROFILE = "";
				PROVISIONING_PROFILE_SPECIFIER = "";
			};
			name = Debug;
		};
		4E4A7A581DAF22530090198D /* Release */ = {
			isa = XCBuildConfiguration;
			buildSettings = {
				ASSETCATALOG_COMPILER_APPICON_NAME = AppIcon;
				CODE_SIGN_ENTITLEMENTS = PushMeBaby/PushMeBaby.entitlements;
				"CODE_SIGN_IDENTITY[sdk=iphoneos*]" = "iPhone Developer";
				DEVELOPMENT_TEAM = K33NL3K4WL;
				INFOPLIST_FILE = PushMeBaby/Info.plist;
				IPHONEOS_DEPLOYMENT_TARGET = 7.0;
				LD_RUNPATH_SEARCH_PATHS = "$(inherited) @executable_path/Frameworks";
				PRODUCT_BUNDLE_IDENTIFIER = zhileyishenghealth;
				PRODUCT_NAME = "$(TARGET_NAME)";
				PROVISIONING_PROFILE = "";
				PROVISIONING_PROFILE_SPECIFIER = "";
			};
			name = Release;
		};
/* End XCBuildConfiguration section */

/* Begin XCConfigurationList section */
		4E4A7A3A1DAF22530090198D /* Build configuration list for PBXProject "PushMeBaby" */ = {
			isa = XCConfigurationList;
			buildConfigurations = (
				4E4A7A541DAF22530090198D /* Debug */,
				4E4A7A551DAF22530090198D /* Release */,
			);
			defaultConfigurationIsVisible = 0;
			defaultConfigurationName = Release;
		};
		4E4A7A561DAF22530090198D /* Build configuration list for PBXNativeTarget "PushMeBaby" */ = {
			isa = XCConfigurationList;
			buildConfigurations = (
				4E4A7A571DAF22530090198D /* Debug */,
				4E4A7A581DAF22530090198D /* Release */,
			);
			defaultConfigurationIsVisible = 0;
			defaultConfigurationName = Release;
		};
/* End XCConfigurationList section */
	};
	rootObject = 4E4A7A371DAF22530090198D /* Project object */;
}
